<?xml version="1.0" encoding="UTF-8"?>
<Scheme
   LastUpgradeVersion = "1210"
   version = "1.7">
   <BuildAction
      parallelizeBuildables = "YES"
      buildImplicitDependencies = "YES">
      <PreActions>
         <ExecutionAction
            ActionType = "Xcode.IDEStandardExecutionActionsCore.ExecutionActionType.ShellScriptAction">
            <ActionContent
               title = "Run Script"
               scriptText = "cp &quot;${PROJECT_DIR}/../.env.beta&quot; &quot;${PROJECT_DIR}/../.env&quot;&#10;&#10;echo &#x201c;.env.beta&#x201d; &gt; /tmp/envfile&#10;&#10;touch &quot;${PROJECT_DIR}/../node_modules/react-native-config/ios/ReactNativeConfig/BuildDotenvConfig.rb&quot;&#10;">
               <EnvironmentBuildable>
                  <BuildableReference
                     BuildableIdentifier = "primary"
                     BlueprintIdentifier = "13B07F861A680F5B00A75B9A"
                     BuildableName = "&#x110f;&#x1162;&#x1105;&#x1175; &#x1100;&#x1175;&#x1109;&#x1161;&#x1102;&#x1175;&#x11b7;&#x110b;&#x116d;&#x11bc;.app"
                     BlueprintName = "luna_trucker_webapp"
                     ReferencedContainer = "container:luna_trucker_webapp.xcodeproj">
                  </BuildableReference>
               </EnvironmentBuildable>
            </ActionContent>
         </ExecutionAction>
      </PreActions>
      <BuildActionEntries>
         <BuildActionEntry
            buildForTesting = "YES"
            buildForRunning = "YES"
            buildForProfiling = "YES"
            buildForArchiving = "YES"
            buildForAnalyzing = "YES">
            <BuildableReference
               BuildableIdentifier = "primary"
               BlueprintIdentifier = "13B07F861A680F5B00A75B9A"
               BuildableName = "&#x110f;&#x1162;&#x1105;&#x1175; &#x1100;&#x1175;&#x1109;&#x1161;&#x1102;&#x1175;&#x11b7;&#x110b;&#x116d;&#x11bc;.app"
               BlueprintName = "luna_trucker_webapp"
               ReferencedContainer = "container:luna_trucker_webapp.xcodeproj">
            </BuildableReference>
         </BuildActionEntry>
      </BuildActionEntries>
   </BuildAction>
   <TestAction
      buildConfiguration = "Debug"
      selectedDebuggerIdentifier = "Xcode.DebuggerFoundation.Debugger.LLDB"
      selectedLauncherIdentifier = "Xcode.DebuggerFoundation.Launcher.LLDB"
      shouldUseLaunchSchemeArgsEnv = "YES">
      <Testables>
      </Testables>
   </TestAction>
   <LaunchAction
      buildConfiguration = "Beta"
      selectedDebuggerIdentifier = "Xcode.DebuggerFoundation.Debugger.LLDB"
      selectedLauncherIdentifier = "Xcode.DebuggerFoundation.Launcher.LLDB"
      launchStyle = "0"
      useCustomWorkingDirectory = "NO"
      ignoresPersistentStateOnLaunch = "NO"
      debugDocumentVersioning = "YES"
      debugServiceExtension = "internal"
      allowLocationSimulation = "YES">
      <PreActions>
         <ExecutionAction
            ActionType = "Xcode.IDEStandardExecutionActionsCore.ExecutionActionType.ShellScriptAction">
            <ActionContent
               title = "Run Script"
               scriptText = "cp &quot;${PROJECT_DIR}/../.env.beta&quot; &quot;${PROJECT_DIR}/../.env&quot;&#10;&#10;echo &#x201c;.env.beta&#x201d; &gt; /tmp/envfile&#10;&#10;touch &quot;${PROJECT_DIR}/../node_modules/react-native-config/ios/ReactNativeConfig/BuildDotenvConfig.rb&quot;&#10;">
               <EnvironmentBuildable>
                  <BuildableReference
                     BuildableIdentifier = "primary"
                     BlueprintIdentifier = "13B07F861A680F5B00A75B9A"
                     BuildableName = "&#x110f;&#x1162;&#x1105;&#x1175; &#x1100;&#x1175;&#x1109;&#x1161;&#x1102;&#x1175;&#x11b7;&#x110b;&#x116d;&#x11bc;.app"
                     BlueprintName = "luna_trucker_webapp"
                     ReferencedContainer = "container:luna_trucker_webapp.xcodeproj">
                  </BuildableReference>
               </EnvironmentBuildable>
            </ActionContent>
         </ExecutionAction>
      </PreActions>
      <BuildableProductRunnable
         runnableDebuggingMode = "0">
         <BuildableReference
            BuildableIdentifier = "primary"
            BlueprintIdentifier = "13B07F861A680F5B00A75B9A"
            BuildableName = "&#x110f;&#x1162;&#x1105;&#x1175; &#x1100;&#x1175;&#x1109;&#x1161;&#x1102;&#x1175;&#x11b7;&#x110b;&#x116d;&#x11bc;.app"
            BlueprintName = "luna_trucker_webapp"
            ReferencedContainer = "container:luna_trucker_webapp.xcodeproj">
         </BuildableReference>
      </BuildableProductRunnable>
   </LaunchAction>
   <ProfileAction
      buildConfiguration = "Release"
      shouldUseLaunchSchemeArgsEnv = "YES"
      savedToolIdentifier = ""
      useCustomWorkingDirectory = "NO"
      debugDocumentVersioning = "YES">
   </ProfileAction>
   <AnalyzeAction
      buildConfiguration = "Debug">
   </AnalyzeAction>
   <ArchiveAction
      buildConfiguration = "Beta"
      revealArchiveInOrganizer = "YES">
   </ArchiveAction>
</Scheme>
